// !$*UTF8*$!
{
	archiveVersion = 1;
	classes = {
	};
	objectVersion = 46;
	objects = {

/* Begin PBXBuildFile section */
		BB035FA71C5EF0E400C4479C /* ControlTower.m in Sources */ = {isa = PBXBuildFile; fileRef = BB035FA61C5EF0E400C4479C /* ControlTower.m */; };
		BB035FAA1C5EF64000C4479C /* Airplane.m in Sources */ = {isa = PBXBuildFile; fileRef = BB035FA91C5EF64000C4479C /* Airplane.m */; };
		BB035FAD1C5EFAF100C4479C /* Runway.m in Sources */ = {isa = PBXBuildFile; fileRef = BB035FAC1C5EFAF100C4479C /* Runway.m */; };
		BB0D5F6D1C6034C100409769 /* AnimalFactory.m in Sources */ = {isa = PBXBuildFile; fileRef = BB0D5F6C1C6034C100409769 /* AnimalFactory.m */; };
		BB0D5F701C60356000409769 /* Animal.m in Sources */ = {isa = PBXBuildFile; fileRef = BB0D5F6F1C60356000409769 /* Animal.m */; };
		BB0D5F731C6035E000409769 /* Cow.m in Sources */ = {isa = PBXBuildFile; fileRef = BB0D5F721C6035E000409769 /* Cow.m */; };
		BB0D5F761C6035ED00409769 /* Cat.m in Sources */ = {isa = PBXBuildFile; fileRef = BB0D5F751C6035ED00409769 /* Cat.m */; };
		BB0D5F791C6035FD00409769 /* Dog.m in Sources */ = {isa = PBXBuildFile; fileRef = BB0D5F781C6035FD00409769 /* Dog.m */; };
		BB0D5F7D1C6040CB00409769 /* Worker.m in Sources */ = {isa = PBXBuildFile; fileRef = BB0D5F7C1C6040CB00409769 /* Worker.m */; };
		BB0D5F801C60423600409769 /* Designer.m in Sources */ = {isa = PBXBuildFile; fileRef = BB0D5F7F1C60423600409769 /* Designer.m */; };
		BB0D5F831C60424800409769 /* Gamer.m in Sources */ = {isa = PBXBuildFile; fileRef = BB0D5F821C60424800409769 /* Gamer.m */; };
		BB0D5F871C604C0E00409769 /* Seller.m in Sources */ = {isa = PBXBuildFile; fileRef = BB0D5F861C604C0E00409769 /* Seller.m */; };
		BB0D5F8A1C604C2000409769 /* CupSeller.m in Sources */ = {isa = PBXBuildFile; fileRef = BB0D5F891C604C2000409769 /* CupSeller.m */; };
		BB0D5F8D1C604D0B00409769 /* PhoneSeller.m in Sources */ = {isa = PBXBuildFile; fileRef = BB0D5F8C1C604D0B00409769 /* PhoneSeller.m */; };
		BB0D5F901C604DB600409769 /* Mart.m in Sources */ = {isa = PBXBuildFile; fileRef = BB0D5F8F1C604DB600409769 /* Mart.m */; };
		BB0D5F941C60673100409769 /* ComponentObject.m in Sources */ = {isa = PBXBuildFile; fileRef = BB0D5F931C60673100409769 /* ComponentObject.m */; };
		BB0D5F971C606C3C00409769 /* Composite.m in Sources */ = {isa = PBXBuildFile; fileRef = BB0D5F961C606C3C00409769 /* Composite.m */; };
		BB0D5F9A1C606E4A00409769 /* Leaf.m in Sources */ = {isa = PBXBuildFile; fileRef = BB0D5F991C606E4A00409769 /* Leaf.m */; };
		BB10ABCD1C58C38200E084BF /* Hungury.m in Sources */ = {isa = PBXBuildFile; fileRef = BB10ABCC1C58C38200E084BF /* Hungury.m */; };
		BB10ABD01C58C39100E084BF /* Angry.m in Sources */ = {isa = PBXBuildFile; fileRef = BB10ABCF1C58C39100E084BF /* Angry.m */; };
		BB10ABD31C58C39D00E084BF /* Full.m in Sources */ = {isa = PBXBuildFile; fileRef = BB10ABD21C58C39D00E084BF /* Full.m */; };
		BB10ABD61C58C3B300E084BF /* Sleeping.m in Sources */ = {isa = PBXBuildFile; fileRef = BB10ABD51C58C3B300E084BF /* Sleeping.m */; };
		BB10ABD91C58C3E200E084BF /* StateContext.m in Sources */ = {isa = PBXBuildFile; fileRef = BB10ABD81C58C3E200E084BF /* StateContext.m */; };
		BB10ABDC1C58C3F200E084BF /* State.m in Sources */ = {isa = PBXBuildFile; fileRef = BB10ABDB1C58C3F200E084BF /* State.m */; };
		BBC2B1D41C5858E6002F44E4 /* main.m in Sources */ = {isa = PBXBuildFile; fileRef = BBC2B1D31C5858E6002F44E4 /* main.m */; };
		BBC2B1D71C5858E6002F44E4 /* AppDelegate.m in Sources */ = {isa = PBXBuildFile; fileRef = BBC2B1D61C5858E6002F44E4 /* AppDelegate.m */; };
		BBC2B1DA1C5858E6002F44E4 /* ViewController.m in Sources */ = {isa = PBXBuildFile; fileRef = BBC2B1D91C5858E6002F44E4 /* ViewController.m */; };
		BBC2B1DD1C5858E6002F44E4 /* Main.storyboard in Resources */ = {isa = PBXBuildFile; fileRef = BBC2B1DB1C5858E6002F44E4 /* Main.storyboard */; };
		BBC2B1DF1C5858E6002F44E4 /* Assets.xcassets in Resources */ = {isa = PBXBuildFile; fileRef = BBC2B1DE1C5858E6002F44E4 /* Assets.xcassets */; };
		BBC2B1E21C5858E6002F44E4 /* LaunchScreen.storyboard in Resources */ = {isa = PBXBuildFile; fileRef = BBC2B1E01C5858E6002F44E4 /* LaunchScreen.storyboard */; };
		BBC2B1ED1C5858E6002F44E4 /* PattenSampleTests.m in Sources */ = {isa = PBXBuildFile; fileRef = BBC2B1EC1C5858E6002F44E4 /* PattenSampleTests.m */; };
		BBC2B1FC1C5860DD002F44E4 /* Wheel.m in Sources */ = {isa = PBXBuildFile; fileRef = BBC2B1FB1C5860DD002F44E4 /* Wheel.m */; };
		BBC2B1FF1C587C1B002F44E4 /* CarElement.m in Sources */ = {isa = PBXBuildFile; fileRef = BBC2B1FE1C587C1B002F44E4 /* CarElement.m */; };
		BBC2B2021C587C64002F44E4 /* CarElementPrintVisitor.m in Sources */ = {isa = PBXBuildFile; fileRef = BBC2B2011C587C64002F44E4 /* CarElementPrintVisitor.m */; };
		BBC2B2081C5883F9002F44E4 /* Engine.m in Sources */ = {isa = PBXBuildFile; fileRef = BBC2B2071C5883F9002F44E4 /* Engine.m */; };
		BBC2B20B1C588564002F44E4 /* Car.m in Sources */ = {isa = PBXBuildFile; fileRef = BBC2B20A1C588564002F44E4 /* Car.m */; };
		BBC2B20E1C588D4E002F44E4 /* Body.m in Sources */ = {isa = PBXBuildFile; fileRef = BBC2B20D1C588D4E002F44E4 /* Body.m */; };
		BBC2B2111C5890F1002F44E4 /* CarElementDoVisitor.m in Sources */ = {isa = PBXBuildFile; fileRef = BBC2B2101C5890F1002F44E4 /* CarElementDoVisitor.m */; };
/* End PBXBuildFile section */

/* Begin PBXContainerItemProxy section */
		BBC2B1E91C5858E6002F44E4 /* PBXContainerItemProxy */ = {
			isa = PBXContainerItemProxy;
			containerPortal = BBC2B1C71C5858E6002F44E4 /* Project object */;
			proxyType = 1;
			remoteGlobalIDString = BBC2B1CE1C5858E6002F44E4;
			remoteInfo = PattenSample;
		};
/* End PBXContainerItemProxy section */

/* Begin PBXFileReference section */
		BB035FA51C5EF0E400C4479C /* ControlTower.h */ = {isa = PBXFileReference; fileEncoding = 4; lastKnownFileType = sourcecode.c.h; path = ControlTower.h; sourceTree = "<group>"; };
		BB035FA61C5EF0E400C4479C /* ControlTower.m */ = {isa = PBXFileReference; fileEncoding = 4; lastKnownFileType = sourcecode.c.objc; path = ControlTower.m; sourceTree = "<group>"; };
		BB035FA81C5EF64000C4479C /* Airplane.h */ = {isa = PBXFileReference; fileEncoding = 4; lastKnownFileType = sourcecode.c.h; path = Airplane.h; sourceTree = "<group>"; };
		BB035FA91C5EF64000C4479C /* Airplane.m */ = {isa = PBXFileReference; fileEncoding = 4; lastKnownFileType = sourcecode.c.objc; path = Airplane.m; sourceTree = "<group>"; };
		BB035FAB1C5EFAF100C4479C /* Runway.h */ = {isa = PBXFileReference; fileEncoding = 4; lastKnownFileType = sourcecode.c.h; path = Runway.h; sourceTree = "<group>"; };
		BB035FAC1C5EFAF100C4479C /* Runway.m */ = {isa = PBXFileReference; fileEncoding = 4; lastKnownFileType = sourcecode.c.objc; path = Runway.m; sourceTree = "<group>"; };
		BB0D5F6B1C6034C100409769 /* AnimalFactory.h */ = {isa = PBXFileReference; fileEncoding = 4; lastKnownFileType = sourcecode.c.h; path = AnimalFactory.h; sourceTree = "<group>"; };
		BB0D5F6C1C6034C100409769 /* AnimalFactory.m */ = {isa = PBXFileReference; fileEncoding = 4; lastKnownFileType = sourcecode.c.objc; path = AnimalFactory.m; sourceTree = "<group>"; };
		BB0D5F6E1C60356000409769 /* Animal.h */ = {isa = PBXFileReference; fileEncoding = 4; lastKnownFileType = sourcecode.c.h; path = Animal.h; sourceTree = "<group>"; };
		BB0D5F6F1C60356000409769 /* Animal.m */ = {isa = PBXFileReference; fileEncoding = 4; lastKnownFileType = sourcecode.c.objc; path = Animal.m; sourceTree = "<group>"; };
		BB0D5F711C6035DF00409769 /* Cow.h */ = {isa = PBXFileReference; fileEncoding = 4; lastKnownFileType = sourcecode.c.h; path = Cow.h; sourceTree = "<group>"; };
		BB0D5F721C6035E000409769 /* Cow.m */ = {isa = PBXFileReference; fileEncoding = 4; lastKnownFileType = sourcecode.c.objc; path = Cow.m; sourceTree = "<group>"; };
		BB0D5F741C6035ED00409769 /* Cat.h */ = {isa = PBXFileReference; fileEncoding = 4; lastKnownFileType = sourcecode.c.h; path = Cat.h; sourceTree = "<group>"; };
		BB0D5F751C6035ED00409769 /* Cat.m */ = {isa = PBXFileReference; fileEncoding = 4; lastKnownFileType = sourcecode.c.objc; path = Cat.m; sourceTree = "<group>"; };
		BB0D5F771C6035FD00409769 /* Dog.h */ = {isa = PBXFileReference; fileEncoding = 4; lastKnownFileType = sourcecode.c.h; path = Dog.h; sourceTree = "<group>"; };
		BB0D5F781C6035FD00409769 /* Dog.m */ = {isa = PBXFileReference; fileEncoding = 4; lastKnownFileType = sourcecode.c.objc; path = Dog.m; sourceTree = "<group>"; };
		BB0D5F7B1C6040CB00409769 /* Worker.h */ = {isa = PBXFileReference; fileEncoding = 4; lastKnownFileType = sourcecode.c.h; path = Worker.h; sourceTree = "<group>"; };
		BB0D5F7C1C6040CB00409769 /* Worker.m */ = {isa = PBXFileReference; fileEncoding = 4; lastKnownFileType = sourcecode.c.objc; path = Worker.m; sourceTree = "<group>"; };
		BB0D5F7E1C60423600409769 /* Designer.h */ = {isa = PBXFileReference; fileEncoding = 4; lastKnownFileType = sourcecode.c.h; path = Designer.h; sourceTree = "<group>"; };
		BB0D5F7F1C60423600409769 /* Designer.m */ = {isa = PBXFileReference; fileEncoding = 4; lastKnownFileType = sourcecode.c.objc; path = Designer.m; sourceTree = "<group>"; };
		BB0D5F811C60424800409769 /* Gamer.h */ = {isa = PBXFileReference; fileEncoding = 4; lastKnownFileType = sourcecode.c.h; path = Gamer.h; sourceTree = "<group>"; };
		BB0D5F821C60424800409769 /* Gamer.m */ = {isa = PBXFileReference; fileEncoding = 4; lastKnownFileType = sourcecode.c.objc; path = Gamer.m; sourceTree = "<group>"; };
		BB0D5F851C604C0E00409769 /* Seller.h */ = {isa = PBXFileReference; fileEncoding = 4; lastKnownFileType = sourcecode.c.h; path = Seller.h; sourceTree = "<group>"; };
		BB0D5F861C604C0E00409769 /* Seller.m */ = {isa = PBXFileReference; fileEncoding = 4; lastKnownFileType = sourcecode.c.objc; path = Seller.m; sourceTree = "<group>"; };
		BB0D5F881C604C2000409769 /* CupSeller.h */ = {isa = PBXFileReference; fileEncoding = 4; lastKnownFileType = sourcecode.c.h; path = CupSeller.h; sourceTree = "<group>"; };
		BB0D5F891C604C2000409769 /* CupSeller.m */ = {isa = PBXFileReference; fileEncoding = 4; lastKnownFileType = sourcecode.c.objc; path = CupSeller.m; sourceTree = "<group>"; };
		BB0D5F8B1C604D0B00409769 /* PhoneSeller.h */ = {isa = PBXFileReference; fileEncoding = 4; lastKnownFileType = sourcecode.c.h; path = PhoneSeller.h; sourceTree = "<group>"; };
		BB0D5F8C1C604D0B00409769 /* PhoneSeller.m */ = {isa = PBXFileReference; fileEncoding = 4; lastKnownFileType = sourcecode.c.objc; path = PhoneSeller.m; sourceTree = "<group>"; };
		BB0D5F8E1C604DB600409769 /* Mart.h */ = {isa = PBXFileReference; fileEncoding = 4; lastKnownFileType = sourcecode.c.h; path = Mart.h; sourceTree = "<group>"; };
		BB0D5F8F1C604DB600409769 /* Mart.m */ = {isa = PBXFileReference; fileEncoding = 4; lastKnownFileType = sourcecode.c.objc; path = Mart.m; sourceTree = "<group>"; };
		BB0D5F921C60673100409769 /* ComponentObject.h */ = {isa = PBXFileReference; fileEncoding = 4; lastKnownFileType = sourcecode.c.h; path = ComponentObject.h; sourceTree = "<group>"; };
		BB0D5F931C60673100409769 /* ComponentObject.m */ = {isa = PBXFileReference; fileEncoding = 4; lastKnownFileType = sourcecode.c.objc; path = ComponentObject.m; sourceTree = "<group>"; };
		BB0D5F951C606C3C00409769 /* Composite.h */ = {isa = PBXFileReference; fileEncoding = 4; lastKnownFileType = sourcecode.c.h; path = Composite.h; sourceTree = "<group>"; };
		BB0D5F961C606C3C00409769 /* Composite.m */ = {isa = PBXFileReference; fileEncoding = 4; lastKnownFileType = sourcecode.c.objc; path = Composite.m; sourceTree = "<group>"; };
		BB0D5F981C606E4A00409769 /* Leaf.h */ = {isa = PBXFileReference; fileEncoding = 4; lastKnownFileType = sourcecode.c.h; path = Leaf.h; sourceTree = "<group>"; };
		BB0D5F991C606E4A00409769 /* Leaf.m */ = {isa = PBXFileReference; fileEncoding = 4; lastKnownFileType = sourcecode.c.objc; path = Leaf.m; sourceTree = "<group>"; };
		BB10ABCB1C58C38200E084BF /* Hungury.h */ = {isa = PBXFileReference; fileEncoding = 4; lastKnownFileType = sourcecode.c.h; path = Hungury.h; sourceTree = "<group>"; };
		BB10ABCC1C58C38200E084BF /* Hungury.m */ = {isa = PBXFileReference; fileEncoding = 4; lastKnownFileType = sourcecode.c.objc; path = Hungury.m; sourceTree = "<group>"; };
		BB10ABCE1C58C39100E084BF /* Angry.h */ = {isa = PBXFileReference; fileEncoding = 4; lastKnownFileType = sourcecode.c.h; path = Angry.h; sourceTree = "<group>"; };
		BB10ABCF1C58C39100E084BF /* Angry.m */ = {isa = PBXFileReference; fileEncoding = 4; lastKnownFileType = sourcecode.c.objc; path = Angry.m; sourceTree = "<group>"; };
		BB10ABD11C58C39D00E084BF /* Full.h */ = {isa = PBXFileReference; fileEncoding = 4; lastKnownFileType = sourcecode.c.h; path = Full.h; sourceTree = "<group>"; };
		BB10ABD21C58C39D00E084BF /* Full.m */ = {isa = PBXFileReference; fileEncoding = 4; lastKnownFileType = sourcecode.c.objc; path = Full.m; sourceTree = "<group>"; };
		BB10ABD41C58C3B300E084BF /* Sleeping.h */ = {isa = PBXFileReference; fileEncoding = 4; lastKnownFileType = sourcecode.c.h; path = Sleeping.h; sourceTree = "<group>"; };
		BB10ABD51C58C3B300E084BF /* Sleeping.m */ = {isa = PBXFileReference; fileEncoding = 4; lastKnownFileType = sourcecode.c.objc; path = Sleeping.m; sourceTree = "<group>"; };
		BB10ABD71C58C3E200E084BF /* StateContext.h */ = {isa = PBXFileReference; fileEncoding = 4; lastKnownFileType = sourcecode.c.h; path = StateContext.h; sourceTree = "<group>"; };
		BB10ABD81C58C3E200E084BF /* StateContext.m */ = {isa = PBXFileReference; fileEncoding = 4; lastKnownFileType = sourcecode.c.objc; path = StateContext.m; sourceTree = "<group>"; };
		BB10ABDA1C58C3F200E084BF /* State.h */ = {isa = PBXFileReference; fileEncoding = 4; lastKnownFileType = sourcecode.c.h; path = State.h; sourceTree = "<group>"; };
		BB10ABDB1C58C3F200E084BF /* State.m */ = {isa = PBXFileReference; fileEncoding = 4; lastKnownFileType = sourcecode.c.objc; path = State.m; sourceTree = "<group>"; };
		BBC2B1CF1C5858E6002F44E4 /* PattenSample.app */ = {isa = PBXFileReference; explicitFileType = wrapper.application; includeInIndex = 0; path = PattenSample.app; sourceTree = BUILT_PRODUCTS_DIR; };
		BBC2B1D31C5858E6002F44E4 /* main.m */ = {isa = PBXFileReference; lastKnownFileType = sourcecode.c.objc; path = main.m; sourceTree = "<group>"; };
		BBC2B1D51C5858E6002F44E4 /* AppDelegate.h */ = {isa = PBXFileReference; lastKnownFileType = sourcecode.c.h; path = AppDelegate.h; sourceTree = "<group>"; };
		BBC2B1D61C5858E6002F44E4 /* AppDelegate.m */ = {isa = PBXFileReference; lastKnownFileType = sourcecode.c.objc; path = AppDelegate.m; sourceTree = "<group>"; };
		BBC2B1D81C5858E6002F44E4 /* ViewController.h */ = {isa = PBXFileReference; lastKnownFileType = sourcecode.c.h; path = ViewController.h; sourceTree = "<group>"; };
		BBC2B1D91C5858E6002F44E4 /* ViewController.m */ = {isa = PBXFileReference; lastKnownFileType = sourcecode.c.objc; path = ViewController.m; sourceTree = "<group>"; };
		BBC2B1DC1C5858E6002F44E4 /* Base */ = {isa = PBXFileReference; lastKnownFileType = file.storyboard; name = Base; path = Base.lproj/Main.storyboard; sourceTree = "<group>"; };
		BBC2B1DE1C5858E6002F44E4 /* Assets.xcassets */ = {isa = PBXFileReference; lastKnownFileType = folder.assetcatalog; path = Assets.xcassets; sourceTree = "<group>"; };
		BBC2B1E11C5858E6002F44E4 /* Base */ = {isa = PBXFileReference; lastKnownFileType = file.storyboard; name = Base; path = Base.lproj/LaunchScreen.storyboard; sourceTree = "<group>"; };
		BBC2B1E31C5858E6002F44E4 /* Info.plist */ = {isa = PBXFileReference; lastKnownFileType = text.plist.xml; path = Info.plist; sourceTree = "<group>"; };
		BBC2B1E81C5858E6002F44E4 /* PattenSampleTests.xctest */ = {isa = PBXFileReference; explicitFileType = wrapper.cfbundle; includeInIndex = 0; path = PattenSampleTests.xctest; sourceTree = BUILT_PRODUCTS_DIR; };
		BBC2B1EC1C5858E6002F44E4 /* PattenSampleTests.m */ = {isa = PBXFileReference; lastKnownFileType = sourcecode.c.objc; path = PattenSampleTests.m; sourceTree = "<group>"; };
		BBC2B1EE1C5858E6002F44E4 /* Info.plist */ = {isa = PBXFileReference; lastKnownFileType = text.plist.xml; path = Info.plist; sourceTree = "<group>"; };
		BBC2B1FA1C5860DD002F44E4 /* Wheel.h */ = {isa = PBXFileReference; fileEncoding = 4; lastKnownFileType = sourcecode.c.h; path = Wheel.h; sourceTree = "<group>"; };
		BBC2B1FB1C5860DD002F44E4 /* Wheel.m */ = {isa = PBXFileReference; fileEncoding = 4; lastKnownFileType = sourcecode.c.objc; path = Wheel.m; sourceTree = "<group>"; };
		BBC2B1FD1C587C1B002F44E4 /* CarElement.h */ = {isa = PBXFileReference; fileEncoding = 4; lastKnownFileType = sourcecode.c.h; path = CarElement.h; sourceTree = "<group>"; };
		BBC2B1FE1C587C1B002F44E4 /* CarElement.m */ = {isa = PBXFileReference; fileEncoding = 4; lastKnownFileType = sourcecode.c.objc; path = CarElement.m; sourceTree = "<group>"; };
		BBC2B2001C587C64002F44E4 /* CarElementPrintVisitor.h */ = {isa = PBXFileReference; fileEncoding = 4; lastKnownFileType = sourcecode.c.h; path = CarElementPrintVisitor.h; sourceTree = "<group>"; };
		BBC2B2011C587C64002F44E4 /* CarElementPrintVisitor.m */ = {isa = PBXFileReference; fileEncoding = 4; lastKnownFileType = sourcecode.c.objc; path = CarElementPrintVisitor.m; sourceTree = "<group>"; };
		BBC2B2061C5883F9002F44E4 /* Engine.h */ = {isa = PBXFileReference; fileEncoding = 4; lastKnownFileType = sourcecode.c.h; path = Engine.h; sourceTree = "<group>"; };
		BBC2B2071C5883F9002F44E4 /* Engine.m */ = {isa = PBXFileReference; fileEncoding = 4; lastKnownFileType = sourcecode.c.objc; path = Engine.m; sourceTree = "<group>"; };
		BBC2B2091C588564002F44E4 /* Car.h */ = {isa = PBXFileReference; fileEncoding = 4; lastKnownFileType = sourcecode.c.h; path = Car.h; sourceTree = "<group>"; };
		BBC2B20A1C588564002F44E4 /* Car.m */ = {isa = PBXFileReference; fileEncoding = 4; lastKnownFileType = sourcecode.c.objc; path = Car.m; sourceTree = "<group>"; };
		BBC2B20C1C588D4E002F44E4 /* Body.h */ = {isa = PBXFileReference; fileEncoding = 4; lastKnownFileType = sourcecode.c.h; path = Body.h; sourceTree = "<group>"; };
		BBC2B20D1C588D4E002F44E4 /* Body.m */ = {isa = PBXFileReference; fileEncoding = 4; lastKnownFileType = sourcecode.c.objc; path = Body.m; sourceTree = "<group>"; };
		BBC2B20F1C5890F1002F44E4 /* CarElementDoVisitor.h */ = {isa = PBXFileReference; fileEncoding = 4; lastKnownFileType = sourcecode.c.h; path = CarElementDoVisitor.h; sourceTree = "<group>"; };
		BBC2B2101C5890F1002F44E4 /* CarElementDoVisitor.m */ = {isa = PBXFileReference; fileEncoding = 4; lastKnownFileType = sourcecode.c.objc; path = CarElementDoVisitor.m; sourceTree = "<group>"; };
/* End PBXFileReference section */

/* Begin PBXFrameworksBuildPhase section */
		BBC2B1CC1C5858E6002F44E4 /* Frameworks */ = {
			isa = PBXFrameworksBuildPhase;
			buildActionMask = 2147483647;
			files = (
			);
			runOnlyForDeploymentPostprocessing = 0;
		};
		BBC2B1E51C5858E6002F44E4 /* Frameworks */ = {
			isa = PBXFrameworksBuildPhase;
			buildActionMask = 2147483647;
			files = (
			);
			runOnlyForDeploymentPostprocessing = 0;
		};
/* End PBXFrameworksBuildPhase section */

/* Begin PBXGroup section */
		BB035FA41C5EEF4400C4479C /* Mediator */ = {
			isa = PBXGroup;
			children = (
				BB035FA51C5EF0E400C4479C /* ControlTower.h */,
				BB035FA61C5EF0E400C4479C /* ControlTower.m */,
				BB035FA81C5EF64000C4479C /* Airplane.h */,
				BB035FA91C5EF64000C4479C /* Airplane.m */,
				BB035FAB1C5EFAF100C4479C /* Runway.h */,
				BB035FAC1C5EFAF100C4479C /* Runway.m */,
			);
			path = Mediator;
			sourceTree = "<group>";
		};
		BB0D5F691C60335700409769 /* Factory */ = {
			isa = PBXGroup;
			children = (
				BB0D5F6E1C60356000409769 /* Animal.h */,
				BB0D5F6F1C60356000409769 /* Animal.m */,
				BB0D5F711C6035DF00409769 /* Cow.h */,
				BB0D5F721C6035E000409769 /* Cow.m */,
				BB0D5F741C6035ED00409769 /* Cat.h */,
				BB0D5F751C6035ED00409769 /* Cat.m */,
				BB0D5F771C6035FD00409769 /* Dog.h */,
				BB0D5F781C6035FD00409769 /* Dog.m */,
				BB0D5F6B1C6034C100409769 /* AnimalFactory.h */,
				BB0D5F6C1C6034C100409769 /* AnimalFactory.m */,
			);
			path = Factory;
			sourceTree = "<group>";
		};
		BB0D5F7A1C603BF200409769 /* Template Method */ = {
			isa = PBXGroup;
			children = (
				BB0D5F7B1C6040CB00409769 /* Worker.h */,
				BB0D5F7C1C6040CB00409769 /* Worker.m */,
				BB0D5F7E1C60423600409769 /* Designer.h */,
				BB0D5F7F1C60423600409769 /* Designer.m */,
				BB0D5F811C60424800409769 /* Gamer.h */,
				BB0D5F821C60424800409769 /* Gamer.m */,
			);
			name = "Template Method";
			path = TemplateMethod;
			sourceTree = "<group>";
		};
		BB0D5F841C6049C900409769 /* Strategy */ = {
			isa = PBXGroup;
			children = (
				BB0D5F851C604C0E00409769 /* Seller.h */,
				BB0D5F861C604C0E00409769 /* Seller.m */,
				BB0D5F881C604C2000409769 /* CupSeller.h */,
				BB0D5F891C604C2000409769 /* CupSeller.m */,
				BB0D5F8B1C604D0B00409769 /* PhoneSeller.h */,
				BB0D5F8C1C604D0B00409769 /* PhoneSeller.m */,
				BB0D5F8E1C604DB600409769 /* Mart.h */,
				BB0D5F8F1C604DB600409769 /* Mart.m */,
			);
			path = Strategy;
			sourceTree = "<group>";
		};
		BB0D5F911C60535800409769 /* Composite */ = {
			isa = PBXGroup;
			children = (
				BB0D5F921C60673100409769 /* ComponentObject.h */,
				BB0D5F931C60673100409769 /* ComponentObject.m */,
				BB0D5F951C606C3C00409769 /* Composite.h */,
				BB0D5F961C606C3C00409769 /* Composite.m */,
				BB0D5F981C606E4A00409769 /* Leaf.h */,
				BB0D5F991C606E4A00409769 /* Leaf.m */,
			);
			path = Composite;
			sourceTree = "<group>";
		};
		BB10ABCA1C58C36B00E084BF /* State */ = {
			isa = PBXGroup;
			children = (
				BB10ABD71C58C3E200E084BF /* StateContext.h */,
				BB10ABD81C58C3E200E084BF /* StateContext.m */,
				BB10ABDA1C58C3F200E084BF /* State.h */,
				BB10ABDB1C58C3F200E084BF /* State.m */,
				BB10ABCB1C58C38200E084BF /* Hungury.h */,
				BB10ABCC1C58C38200E084BF /* Hungury.m */,
				BB10ABD11C58C39D00E084BF /* Full.h */,
				BB10ABD21C58C39D00E084BF /* Full.m */,
				BB10ABCE1C58C39100E084BF /* Angry.h */,
				BB10ABCF1C58C39100E084BF /* Angry.m */,
				BB10ABD41C58C3B300E084BF /* Sleeping.h */,
				BB10ABD51C58C3B300E084BF /* Sleeping.m */,
			);
			path = State;
			sourceTree = "<group>";
		};
		BBC2B1C61C5858E6002F44E4 = {
			isa = PBXGroup;
			children = (
				BBC2B1D11C5858E6002F44E4 /* PattenSample */,
				BBC2B1EB1C5858E6002F44E4 /* PattenSampleTests */,
				BBC2B1D01C5858E6002F44E4 /* Products */,
			);
			sourceTree = "<group>";
		};
		BBC2B1D01C5858E6002F44E4 /* Products */ = {
			isa = PBXGroup;
			children = (
				BBC2B1CF1C5858E6002F44E4 /* PattenSample.app */,
				BBC2B1E81C5858E6002F44E4 /* PattenSampleTests.xctest */,
			);
			name = Products;
			sourceTree = "<group>";
		};
		BBC2B1D11C5858E6002F44E4 /* PattenSample */ = {
			isa = PBXGroup;
			children = (
				BBC2B1D51C5858E6002F44E4 /* AppDelegate.h */,
				BBC2B1D61C5858E6002F44E4 /* AppDelegate.m */,
				BBC2B1D81C5858E6002F44E4 /* ViewController.h */,
				BBC2B1D91C5858E6002F44E4 /* ViewController.m */,
				BBC2B1DB1C5858E6002F44E4 /* Main.storyboard */,
				BB0D5F911C60535800409769 /* Composite */,
				BB0D5F841C6049C900409769 /* Strategy */,
				BB0D5F7A1C603BF200409769 /* Template Method */,
				BB0D5F691C60335700409769 /* Factory */,
				BB035FA41C5EEF4400C4479C /* Mediator */,
				BB10ABCA1C58C36B00E084BF /* State */,
				BBC2B1F71C585CD1002F44E4 /* Visitor */,
				BBC2B1DE1C5858E6002F44E4 /* Assets.xcassets */,
				BBC2B1E01C5858E6002F44E4 /* LaunchScreen.storyboard */,
				BBC2B1E31C5858E6002F44E4 /* Info.plist */,
				BBC2B1D21C5858E6002F44E4 /* Supporting Files */,
			);
			path = PattenSample;
			sourceTree = "<group>";
		};
		BBC2B1D21C5858E6002F44E4 /* Supporting Files */ = {
			isa = PBXGroup;
			children = (
				BBC2B1D31C5858E6002F44E4 /* main.m */,
			);
			name = "Supporting Files";
			sourceTree = "<group>";
		};
		BBC2B1EB1C5858E6002F44E4 /* PattenSampleTests */ = {
			isa = PBXGroup;
			children = (
				BBC2B1EC1C5858E6002F44E4 /* PattenSampleTests.m */,
				BBC2B1EE1C5858E6002F44E4 /* Info.plist */,
			);
			path = PattenSampleTests;
			sourceTree = "<group>";
		};
		BBC2B1F71C585CD1002F44E4 /* Visitor */ = {
			isa = PBXGroup;
			children = (
				BBC2B1FD1C587C1B002F44E4 /* CarElement.h */,
				BBC2B1FE1C587C1B002F44E4 /* CarElement.m */,
				BBC2B2091C588564002F44E4 /* Car.h */,
				BBC2B20A1C588564002F44E4 /* Car.m */,
				BBC2B1FA1C5860DD002F44E4 /* Wheel.h */,
				BBC2B1FB1C5860DD002F44E4 /* Wheel.m */,
				BBC2B20C1C588D4E002F44E4 /* Body.h */,
				BBC2B20D1C588D4E002F44E4 /* Body.m */,
				BBC2B2061C5883F9002F44E4 /* Engine.h */,
				BBC2B2071C5883F9002F44E4 /* Engine.m */,
				BBC2B2001C587C64002F44E4 /* CarElementPrintVisitor.h */,
				BBC2B2011C587C64002F44E4 /* CarElementPrintVisitor.m */,
				BBC2B20F1C5890F1002F44E4 /* CarElementDoVisitor.h */,
				BBC2B2101C5890F1002F44E4 /* CarElementDoVisitor.m */,
			);
			path = Visitor;
			sourceTree = "<group>";
		};
/* End PBXGroup section */

/* Begin PBXNativeTarget section */
		BBC2B1CE1C5858E6002F44E4 /* PattenSample */ = {
			isa = PBXNativeTarget;
			buildConfigurationList = BBC2B1F11C5858E6002F44E4 /* Build configuration list for PBXNativeTarget "PattenSample" */;
			buildPhases = (
				BBC2B1CB1C5858E6002F44E4 /* Sources */,
				BBC2B1CC1C5858E6002F44E4 /* Frameworks */,
				BBC2B1CD1C5858E6002F44E4 /* Resources */,
			);
			buildRules = (
			);
			dependencies = (
			);
			name = PattenSample;
			productName = PattenSample;
			productReference = BBC2B1CF1C5858E6002F44E4 /* PattenSample.app */;
			productType = "com.apple.product-type.application";
		};
		BBC2B1E71C5858E6002F44E4 /* PattenSampleTests */ = {
			isa = PBXNativeTarget;
			buildConfigurationList = BBC2B1F41C5858E6002F44E4 /* Build configuration list for PBXNativeTarget "PattenSampleTests" */;
			buildPhases = (
				BBC2B1E41C5858E6002F44E4 /* Sources */,
				BBC2B1E51C5858E6002F44E4 /* Frameworks */,
				BBC2B1E61C5858E6002F44E4 /* Resources */,
			);
			buildRules = (
			);
			dependencies = (
				BBC2B1EA1C5858E6002F44E4 /* PBXTargetDependency */,
			);
			name = PattenSampleTests;
			productName = PattenSampleTests;
			productReference = BBC2B1E81C5858E6002F44E4 /* PattenSampleTests.xctest */;
			productType = "com.apple.product-type.bundle.unit-test";
		};
/* End PBXNativeTarget section */

/* Begin PBXProject section */
		BBC2B1C71C5858E6002F44E4 /* Project object */ = {
			isa = PBXProject;
			attributes = {
				LastUpgradeCheck = 0710;
				ORGANIZATIONNAME = kjcode;
				TargetAttributes = {
					BBC2B1CE1C5858E6002F44E4 = {
						CreatedOnToolsVersion = 7.1;
					};
					BBC2B1E71C5858E6002F44E4 = {
						CreatedOnToolsVersion = 7.1;
						TestTargetID = BBC2B1CE1C5858E6002F44E4;
					};
				};
			};
			buildConfigurationList = BBC2B1CA1C5858E6002F44E4 /* Build configuration list for PBXProject "PattenSample" */;
			compatibilityVersion = "Xcode 3.2";
			developmentRegion = English;
			hasScannedForEncodings = 0;
			knownRegions = (
				en,
				Base,
			);
			mainGroup = BBC2B1C61C5858E6002F44E4;
			productRefGroup = BBC2B1D01C5858E6002F44E4 /* Products */;
			projectDirPath = "";
			projectRoot = "";
			targets = (
				BBC2B1CE1C5858E6002F44E4 /* PattenSample */,
				BBC2B1E71C5858E6002F44E4 /* PattenSampleTests */,
			);
		};
/* End PBXProject section */

/* Begin PBXResourcesBuildPhase section */
		BBC2B1CD1C5858E6002F44E4 /* Resources */ = {
			isa = PBXResourcesBuildPhase;
			buildActionMask = 2147483647;
			files = (
				BBC2B1E21C5858E6002F44E4 /* LaunchScreen.storyboard in Resources */,
				BBC2B1DF1C5858E6002F44E4 /* Assets.xcassets in Resources */,
				BBC2B1DD1C5858E6002F44E4 /* Main.storyboard in Resources */,
			);
			runOnlyForDeploymentPostprocessing = 0;
		};
		BBC2B1E61C5858E6002F44E4 /* Resources */ = {
			isa = PBXResourcesBuildPhase;
			buildActionMask = 2147483647;
			files = (
			);
			runOnlyForDeploymentPostprocessing = 0;
		};
/* End PBXResourcesBuildPhase section */

/* Begin PBXSourcesBuildPhase section */
		BBC2B1CB1C5858E6002F44E4 /* Sources */ = {
			isa = PBXSourcesBuildPhase;
			buildActionMask = 2147483647;
			files = (
				BB0D5F831C60424800409769 /* Gamer.m in Sources */,
				BB10ABD61C58C3B300E084BF /* Sleeping.m in Sources */,
				BB10ABD31C58C39D00E084BF /* Full.m in Sources */,
				BBC2B2081C5883F9002F44E4 /* Engine.m in Sources */,
				BB10ABDC1C58C3F200E084BF /* State.m in Sources */,
				BB0D5F801C60423600409769 /* Designer.m in Sources */,
				BB0D5F7D1C6040CB00409769 /* Worker.m in Sources */,
				BB0D5F6D1C6034C100409769 /* AnimalFactory.m in Sources */,
				BBC2B2021C587C64002F44E4 /* CarElementPrintVisitor.m in Sources */,
				BB035FAA1C5EF64000C4479C /* Airplane.m in Sources */,
				BB10ABCD1C58C38200E084BF /* Hungury.m in Sources */,
				BB0D5F8A1C604C2000409769 /* CupSeller.m in Sources */,
				BB10ABD01C58C39100E084BF /* Angry.m in Sources */,
				BBC2B1FF1C587C1B002F44E4 /* CarElement.m in Sources */,
				BBC2B20E1C588D4E002F44E4 /* Body.m in Sources */,
				BB0D5F871C604C0E00409769 /* Seller.m in Sources */,
				BB0D5F731C6035E000409769 /* Cow.m in Sources */,
				BB0D5F8D1C604D0B00409769 /* PhoneSeller.m in Sources */,
				BBC2B1DA1C5858E6002F44E4 /* ViewController.m in Sources */,
				BBC2B1D71C5858E6002F44E4 /* AppDelegate.m in Sources */,
				BB0D5F761C6035ED00409769 /* Cat.m in Sources */,
				BB0D5F971C606C3C00409769 /* Composite.m in Sources */,
				BB035FAD1C5EFAF100C4479C /* Runway.m in Sources */,
				BB0D5F941C60673100409769 /* ComponentObject.m in Sources */,
				BB10ABD91C58C3E200E084BF /* StateContext.m in Sources */,
				BBC2B1D41C5858E6002F44E4 /* main.m in Sources */,
				BB0D5F791C6035FD00409769 /* Dog.m in Sources */,
				BBC2B20B1C588564002F44E4 /* Car.m in Sources */,
				BB035FA71C5EF0E400C4479C /* ControlTower.m in Sources */,
				BB0D5F9A1C606E4A00409769 /* Leaf.m in Sources */,
				BB0D5F701C60356000409769 /* Animal.m in Sources */,
				BBC2B1FC1C5860DD002F44E4 /* Wheel.m in Sources */,
				BBC2B2111C5890F1002F44E4 /* CarElementDoVisitor.m in Sources */,
				BB0D5F901C604DB600409769 /* Mart.m in Sources */,
			);
			runOnlyForDeploymentPostprocessing = 0;
		};
		BBC2B1E41C5858E6002F44E4 /* Sources */ = {
			isa = PBXSourcesBuildPhase;
			buildActionMask = 2147483647;
			files = (
				BBC2B1ED1C5858E6002F44E4 /* PattenSampleTests.m in Sources */,
			);
			runOnlyForDeploymentPostprocessing = 0;
		};
/* End PBXSourcesBuildPhase section */

/* Begin PBXTargetDependency section */
		BBC2B1EA1C5858E6002F44E4 /* PBXTargetDependency */ = {
			isa = PBXTargetDependency;
			target = BBC2B1CE1C5858E6002F44E4 /* PattenSample */;
			targetProxy = BBC2B1E91C5858E6002F44E4 /* PBXContainerItemProxy */;
		};
/* End PBXTargetDependency section */

/* Begin PBXVariantGroup section */
		BBC2B1DB1C5858E6002F44E4 /* Main.storyboard */ = {
			isa = PBXVariantGroup;
			children = (
				BBC2B1DC1C5858E6002F44E4 /* Base */,
			);
			name = Main.storyboard;
			sourceTree = "<group>";
		};
		BBC2B1E01C5858E6002F44E4 /* LaunchScreen.storyboard */ = {
			isa = PBXVariantGroup;
			children = (
				BBC2B1E11C5858E6002F44E4 /* Base */,
			);
			name = LaunchScreen.storyboard;
			sourceTree = "<group>";
		};
/* End PBXVariantGroup section */

/* Begin XCBuildConfiguration section */
		BBC2B1EF1C5858E6002F44E4 /* Debug */ = {
			isa = XCBuildConfiguration;
			buildSettings = {
				ALWAYS_SEARCH_USER_PATHS = NO;
				CLANG_CXX_LANGUAGE_STANDARD = "gnu++0x";
				CLANG_CXX_LIBRARY = "libc++";
				CLANG_ENABLE_MODULES = YES;
				CLANG_ENABLE_OBJC_ARC = YES;
				CLANG_WARN_BOOL_CONVERSION = YES;
				CLANG_WARN_CONSTANT_CONVERSION = YES;
				CLANG_WARN_DIRECT_OBJC_ISA_USAGE = YES_ERROR;
				CLANG_WARN_EMPTY_BODY = YES;
				CLANG_WARN_ENUM_CONVERSION = YES;
				CLANG_WARN_INT_CONVERSION = YES;
				CLANG_WARN_OBJC_ROOT_CLASS = YES_ERROR;
				CLANG_WARN_UNREACHABLE_CODE = YES;
				CLANG_WARN__DUPLICATE_METHOD_MATCH = YES;
				"CODE_SIGN_IDENTITY[sdk=iphoneos*]" = "iPhone Developer";
				COPY_PHASE_STRIP = NO;
				DEBUG_INFORMATION_FORMAT = dwarf;
				ENABLE_STRICT_OBJC_MSGSEND = YES;
				ENABLE_TESTABILITY = YES;
				GCC_C_LANGUAGE_STANDARD = gnu99;
				GCC_DYNAMIC_NO_PIC = NO;
				GCC_NO_COMMON_BLOCKS = YES;
				GCC_OPTIMIZATION_LEVEL = 0;
				GCC_PREPROCESSOR_DEFINITIONS = (
					"DEBUG=1",
					"$(inherited)",
				);
				GCC_WARN_64_TO_32_BIT_CONVERSION = YES;
				GCC_WARN_ABOUT_RETURN_TYPE = YES_ERROR;
				GCC_WARN_UNDECLARED_SELECTOR = YES;
				GCC_WARN_UNINITIALIZED_AUTOS = YES_AGGRESSIVE;
				GCC_WARN_UNUSED_FUNCTION = YES;
				GCC_WARN_UNUSED_VARIABLE = YES;
				IPHONEOS_DEPLOYMENT_TARGET = 9.1;
				MTL_ENABLE_DEBUG_INFO = YES;
				ONLY_ACTIVE_ARCH = YES;
				SDKROOT = iphoneos;
			};
			name = Debug;
		};
		BBC2B1F01C5858E6002F44E4 /* Release */ = {
			isa = XCBuildConfiguration;
			buildSettings = {
				ALWAYS_SEARCH_USER_PATHS = NO;
				CLANG_CXX_LANGUAGE_STANDARD = "gnu++0x";
				CLANG_CXX_LIBRARY = "libc++";
				CLANG_ENABLE_MODULES = YES;
				CLANG_ENABLE_OBJC_ARC = YES;
				CLANG_WARN_BOOL_CONVERSION = YES;
				CLANG_WARN_CONSTANT_CONVERSION = YES;
				CLANG_WARN_DIRECT_OBJC_ISA_USAGE = YES_ERROR;
				CLANG_WARN_EMPTY_BODY = YES;
				CLANG_WARN_ENUM_CONVERSION = YES;
				CLANG_WARN_INT_CONVERSION = YES;
				CLANG_WARN_OBJC_ROOT_CLASS = YES_ERROR;
				CLANG_WARN_UNREACHABLE_CODE = YES;
				CLANG_WARN__DUPLICATE_METHOD_MATCH = YES;
				"CODE_SIGN_IDENTITY[sdk=iphoneos*]" = "iPhone Developer";
				COPY_PHASE_STRIP = NO;
				DEBUG_INFORMATION_FORMAT = "dwarf-with-dsym";
				ENABLE_NS_ASSERTIONS = NO;
				ENABLE_STRICT_OBJC_MSGSEND = YES;
				GCC_C_LANGUAGE_STANDARD = gnu99;
				GCC_NO_COMMON_BLOCKS = YES;
				GCC_WARN_64_TO_32_BIT_CONVERSION = YES;
				GCC_WARN_ABOUT_RETURN_TYPE = YES_ERROR;
				GCC_WARN_UNDECLARED_SELECTOR = YES;
				GCC_WARN_UNINITIALIZED_AUTOS = YES_AGGRESSIVE;
				GCC_WARN_UNUSED_FUNCTION = YES;
				GCC_WARN_UNUSED_VARIABLE = YES;
				IPHONEOS_DEPLOYMENT_TARGET = 9.1;
				MTL_ENABLE_DEBUG_INFO = NO;
				SDKROOT = iphoneos;
				VALIDATE_PRODUCT = YES;
			};
			name = Release;
		};
		BBC2B1F21C5858E6002F44E4 /* Debug */ = {
			isa = XCBuildConfiguration;
			buildSettings = {
				ASSETCATALOG_COMPILER_APPICON_NAME = AppIcon;
				INFOPLIST_FILE = PattenSample/Info.plist;
				LD_RUNPATH_SEARCH_PATHS = "$(inherited) @executable_path/Frameworks";
				PRODUCT_BUNDLE_IDENTIFIER = com.kjcode.PattenSample;
				PRODUCT_NAME = "$(TARGET_NAME)";
			};
			name = Debug;
		};
		BBC2B1F31C5858E6002F44E4 /* Release */ = {
			isa = XCBuildConfiguration;
			buildSettings = {
				ASSETCATALOG_COMPILER_APPICON_NAME = AppIcon;
				INFOPLIST_FILE = PattenSample/Info.plist;
				LD_RUNPATH_SEARCH_PATHS = "$(inherited) @executable_path/Frameworks";
				PRODUCT_BUNDLE_IDENTIFIER = com.kjcode.PattenSample;
				PRODUCT_NAME = "$(TARGET_NAME)";
			};
			name = Release;
		};
		BBC2B1F51C5858E6002F44E4 /* Debug */ = {
			isa = XCBuildConfiguration;
			buildSettings = {
				BUNDLE_LOADER = "$(TEST_HOST)";
				INFOPLIST_FILE = PattenSampleTests/Info.plist;
				LD_RUNPATH_SEARCH_PATHS = "$(inherited) @executable_path/Frameworks @loader_path/Frameworks";
				PRODUCT_BUNDLE_IDENTIFIER = com.kjcode.PattenSampleTests;
				PRODUCT_NAME = "$(TARGET_NAME)";
				TEST_HOST = "$(BUILT_PRODUCTS_DIR)/PattenSample.app/PattenSample";
			};
			name = Debug;
		};
		BBC2B1F61C5858E6002F44E4 /* Release */ = {
			isa = XCBuildConfiguration;
			buildSettings = {
				BUNDLE_LOADER = "$(TEST_HOST)";
				INFOPLIST_FILE = PattenSampleTests/Info.plist;
				LD_RUNPATH_SEARCH_PATHS = "$(inherited) @executable_path/Frameworks @loader_path/Frameworks";
				PRODUCT_BUNDLE_IDENTIFIER = com.kjcode.PattenSampleTests;
				PRODUCT_NAME = "$(TARGET_NAME)";
				TEST_HOST = "$(BUILT_PRODUCTS_DIR)/PattenSample.app/PattenSample";
			};
			name = Release;
		};
/* End XCBuildConfiguration section */

/* Begin XCConfigurationList section */
		BBC2B1CA1C5858E6002F44E4 /* Build configuration list for PBXProject "PattenSample" */ = {
			isa = XCConfigurationList;
			buildConfigurations = (
				BBC2B1EF1C5858E6002F44E4 /* Debug */,
				BBC2B1F01C5858E6002F44E4 /* Release */,
			);
			defaultConfigurationIsVisible = 0;
			defaultConfigurationName = Release;
		};
		BBC2B1F11C5858E6002F44E4 /* Build configuration list for PBXNativeTarget "PattenSample" */ = {
			isa = XCConfigurationList;
			buildConfigurations = (
				BBC2B1F21C5858E6002F44E4 /* Debug */,
				BBC2B1F31C5858E6002F44E4 /* Release */,
			);
			defaultConfigurationIsVisible = 0;
			defaultConfigurationName = Release;
		};
		BBC2B1F41C5858E6002F44E4 /* Build configuration list for PBXNativeTarget "PattenSampleTests" */ = {
			isa = XCConfigurationList;
			buildConfigurations = (
				BBC2B1F51C5858E6002F44E4 /* Debug */,
				BBC2B1F61C5858E6002F44E4 /* Release */,
			);
			defaultConfigurationIsVisible = 0;
			defaultConfigurationName = Release;
		};
/* End XCConfigurationList section */
	};
	rootObject = BBC2B1C71C5858E6002F44E4 /* Project object */;
}
